// !$*UTF8*$!
{
	archiveVersion = 1;
	classes = {
	};
	objectVersion = 46;
	objects = {

/* Begin PBXBuildFile section */
		27A2049A1EF7F40F00BE4846 /* AppDelegate.swift in Sources */ = {isa = PBXBuildFile; fileRef = 27A204991EF7F40F00BE4846 /* AppDelegate.swift */; };
		27A2049F1EF7F40F00BE4846 /* Main.storyboard in Resources */ = {isa = PBXBuildFile; fileRef = 27A2049D1EF7F40F00BE4846 /* Main.storyboard */; };
		27A204A11EF7F40F00BE4846 /* Assets.xcassets in Resources */ = {isa = PBXBuildFile; fileRef = 27A204A01EF7F40F00BE4846 /* Assets.xcassets */; };
		27A204A41EF7F40F00BE4846 /* LaunchScreen.storyboard in Resources */ = {isa = PBXBuildFile; fileRef = 27A204A21EF7F40F00BE4846 /* LaunchScreen.storyboard */; };
		27A204BB1EF7FB1C00BE4846 /* Model.xcdatamodeld in Sources */ = {isa = PBXBuildFile; fileRef = 27A204B91EF7FB1C00BE4846 /* Model.xcdatamodeld */; };
		27A204BE1EF7FC1C00BE4846 /* MessageController.swift in Sources */ = {isa = PBXBuildFile; fileRef = 27A204BD1EF7FC1C00BE4846 /* MessageController.swift */; };
		27A204C01EF7FD3700BE4846 /* MessageControllerUnitTests.swift in Sources */ = {isa = PBXBuildFile; fileRef = 27A204BF1EF7FD3700BE4846 /* MessageControllerUnitTests.swift */; };
		27A204C21EF8177400BE4846 /* MainMessageViewController.swift in Sources */ = {isa = PBXBuildFile; fileRef = 27A204C11EF8177400BE4846 /* MainMessageViewController.swift */; };
		27A204C41EFD4A5A00BE4846 /* NewMessageViewController.swift in Sources */ = {isa = PBXBuildFile; fileRef = 27A204C31EFD4A5A00BE4846 /* NewMessageViewController.swift */; };
		27A204C61EFED6FA00BE4846 /* MessageDetailViewController.swift in Sources */ = {isa = PBXBuildFile; fileRef = 27A204C51EFED6FA00BE4846 /* MessageDetailViewController.swift */; };
		27A204C81F00432300BE4846 /* SettingsViewController.swift in Sources */ = {isa = PBXBuildFile; fileRef = 27A204C71F00432300BE4846 /* SettingsViewController.swift */; };
		27A204CA1F017BC800BE4846 /* ContactService.swift in Sources */ = {isa = PBXBuildFile; fileRef = 27A204C91F017BC800BE4846 /* ContactService.swift */; };
		27A204CD1F017E3D00BE4846 /* ContactServiceUnitTests.swift in Sources */ = {isa = PBXBuildFile; fileRef = 27A204CC1F017E3D00BE4846 /* ContactServiceUnitTests.swift */; };
		27AFC86D1F13C3F00069C1CA /* Helper.swift in Sources */ = {isa = PBXBuildFile; fileRef = 27AFC86C1F13C3F00069C1CA /* Helper.swift */; };
		27AFC86F1F13C8970069C1CA /* AppDefaults.swift in Sources */ = {isa = PBXBuildFile; fileRef = 27AFC86E1F13C8970069C1CA /* AppDefaults.swift */; };
		27AFC8721F13F12D0069C1CA /* LocationManager.swift in Sources */ = {isa = PBXBuildFile; fileRef = 27AFC8711F13F12D0069C1CA /* LocationManager.swift */; };
		27AFC8741F150DC80069C1CA /* AddressSearchViewController.swift in Sources */ = {isa = PBXBuildFile; fileRef = 27AFC8731F150DC80069C1CA /* AddressSearchViewController.swift */; };
		27AFC8761F15226B0069C1CA /* SearchResultsTableViewController.swift in Sources */ = {isa = PBXBuildFile; fileRef = 27AFC8751F15226B0069C1CA /* SearchResultsTableViewController.swift */; };
		27AFC8781F1556440069C1CA /* HandleMapSearch.swift in Sources */ = {isa = PBXBuildFile; fileRef = 27AFC8771F1556440069C1CA /* HandleMapSearch.swift */; };
		502424C70B6F2FAE5127F07C /* Pods_HeadingHomeTests.framework in Frameworks */ = {isa = PBXBuildFile; fileRef = A87578A5915C7252521E8A73 /* Pods_HeadingHomeTests.framework */; };
		CA9CED88FFADED39B6C7828C /* Pods_HeadingHome.framework in Frameworks */ = {isa = PBXBuildFile; fileRef = 0AEB45E9F81CB22F82FE53F4 /* Pods_HeadingHome.framework */; };
/* End PBXBuildFile section */

/* Begin PBXContainerItemProxy section */
		27A204AB1EF7F40F00BE4846 /* PBXContainerItemProxy */ = {
			isa = PBXContainerItemProxy;
			containerPortal = 27A2048E1EF7F40F00BE4846 /* Project object */;
			proxyType = 1;
			remoteGlobalIDString = 27A204951EF7F40F00BE4846;
			remoteInfo = HeadingHome;
		};
/* End PBXContainerItemProxy section */

/* Begin PBXFileReference section */
		0AEB45E9F81CB22F82FE53F4 /* Pods_HeadingHome.framework */ = {isa = PBXFileReference; explicitFileType = wrapper.framework; includeInIndex = 0; path = Pods_HeadingHome.framework; sourceTree = BUILT_PRODUCTS_DIR; };
		27A204961EF7F40F00BE4846 /* HeadingHome.app */ = {isa = PBXFileReference; explicitFileType = wrapper.application; includeInIndex = 0; path = HeadingHome.app; sourceTree = BUILT_PRODUCTS_DIR; };
		27A204991EF7F40F00BE4846 /* AppDelegate.swift */ = {isa = PBXFileReference; lastKnownFileType = sourcecode.swift; path = AppDelegate.swift; sourceTree = "<group>"; };
		27A2049E1EF7F40F00BE4846 /* Base */ = {isa = PBXFileReference; lastKnownFileType = file.storyboard; name = Base; path = Base.lproj/Main.storyboard; sourceTree = "<group>"; };
		27A204A01EF7F40F00BE4846 /* Assets.xcassets */ = {isa = PBXFileReference; lastKnownFileType = folder.assetcatalog; path = Assets.xcassets; sourceTree = "<group>"; };
		27A204A31EF7F40F00BE4846 /* Base */ = {isa = PBXFileReference; lastKnownFileType = file.storyboard; name = Base; path = Base.lproj/LaunchScreen.storyboard; sourceTree = "<group>"; };
		27A204A51EF7F40F00BE4846 /* Info.plist */ = {isa = PBXFileReference; lastKnownFileType = text.plist.xml; path = Info.plist; sourceTree = "<group>"; };
		27A204AA1EF7F40F00BE4846 /* HeadingHomeTests.xctest */ = {isa = PBXFileReference; explicitFileType = wrapper.cfbundle; includeInIndex = 0; path = HeadingHomeTests.xctest; sourceTree = BUILT_PRODUCTS_DIR; };
		27A204B01EF7F40F00BE4846 /* Info.plist */ = {isa = PBXFileReference; lastKnownFileType = text.plist.xml; path = Info.plist; sourceTree = "<group>"; };
		27A204BA1EF7FB1C00BE4846 /* Model.xcdatamodel */ = {isa = PBXFileReference; lastKnownFileType = wrapper.xcdatamodel; path = Model.xcdatamodel; sourceTree = "<group>"; };
		27A204BD1EF7FC1C00BE4846 /* MessageController.swift */ = {isa = PBXFileReference; fileEncoding = 4; lastKnownFileType = sourcecode.swift; path = MessageController.swift; sourceTree = "<group>"; };
		27A204BF1EF7FD3700BE4846 /* MessageControllerUnitTests.swift */ = {isa = PBXFileReference; fileEncoding = 4; lastKnownFileType = sourcecode.swift; path = MessageControllerUnitTests.swift; sourceTree = "<group>"; };
		27A204C11EF8177400BE4846 /* MainMessageViewController.swift */ = {isa = PBXFileReference; fileEncoding = 4; lastKnownFileType = sourcecode.swift; path = MainMessageViewController.swift; sourceTree = "<group>"; };
		27A204C31EFD4A5A00BE4846 /* NewMessageViewController.swift */ = {isa = PBXFileReference; fileEncoding = 4; lastKnownFileType = sourcecode.swift; path = NewMessageViewController.swift; sourceTree = "<group>"; };
		27A204C51EFED6FA00BE4846 /* MessageDetailViewController.swift */ = {isa = PBXFileReference; fileEncoding = 4; lastKnownFileType = sourcecode.swift; path = MessageDetailViewController.swift; sourceTree = "<group>"; };
		27A204C71F00432300BE4846 /* SettingsViewController.swift */ = {isa = PBXFileReference; fileEncoding = 4; lastKnownFileType = sourcecode.swift; path = SettingsViewController.swift; sourceTree = "<group>"; };
		27A204C91F017BC800BE4846 /* ContactService.swift */ = {isa = PBXFileReference; fileEncoding = 4; lastKnownFileType = sourcecode.swift; path = ContactService.swift; sourceTree = "<group>"; };
		27A204CC1F017E3D00BE4846 /* ContactServiceUnitTests.swift */ = {isa = PBXFileReference; fileEncoding = 4; lastKnownFileType = sourcecode.swift; path = ContactServiceUnitTests.swift; sourceTree = "<group>"; };
		27AFC86C1F13C3F00069C1CA /* Helper.swift */ = {isa = PBXFileReference; fileEncoding = 4; lastKnownFileType = sourcecode.swift; path = Helper.swift; sourceTree = "<group>"; };
		27AFC86E1F13C8970069C1CA /* AppDefaults.swift */ = {isa = PBXFileReference; fileEncoding = 4; lastKnownFileType = sourcecode.swift; path = AppDefaults.swift; sourceTree = "<group>"; };
		27AFC8711F13F12D0069C1CA /* LocationManager.swift */ = {isa = PBXFileReference; fileEncoding = 4; lastKnownFileType = sourcecode.swift; path = LocationManager.swift; sourceTree = "<group>"; };
		27AFC8731F150DC80069C1CA /* AddressSearchViewController.swift */ = {isa = PBXFileReference; fileEncoding = 4; lastKnownFileType = sourcecode.swift; path = AddressSearchViewController.swift; sourceTree = "<group>"; };
		27AFC8751F15226B0069C1CA /* SearchResultsTableViewController.swift */ = {isa = PBXFileReference; fileEncoding = 4; lastKnownFileType = sourcecode.swift; path = SearchResultsTableViewController.swift; sourceTree = "<group>"; };
		27AFC8771F1556440069C1CA /* HandleMapSearch.swift */ = {isa = PBXFileReference; fileEncoding = 4; lastKnownFileType = sourcecode.swift; path = HandleMapSearch.swift; sourceTree = "<group>"; };
		81D41780B04D3D6D01D4462F /* Pods-HeadingHomeTests.release.xcconfig */ = {isa = PBXFileReference; includeInIndex = 1; lastKnownFileType = text.xcconfig; name = "Pods-HeadingHomeTests.release.xcconfig"; path = "Pods/Target Support Files/Pods-HeadingHomeTests/Pods-HeadingHomeTests.release.xcconfig"; sourceTree = "<group>"; };
		845893F8B50F4B454BA55C02 /* Pods-HeadingHomeTests.debug.xcconfig */ = {isa = PBXFileReference; includeInIndex = 1; lastKnownFileType = text.xcconfig; name = "Pods-HeadingHomeTests.debug.xcconfig"; path = "Pods/Target Support Files/Pods-HeadingHomeTests/Pods-HeadingHomeTests.debug.xcconfig"; sourceTree = "<group>"; };
		99378523537C35C72F380454 /* Pods-HeadingHome.debug.xcconfig */ = {isa = PBXFileReference; includeInIndex = 1; lastKnownFileType = text.xcconfig; name = "Pods-HeadingHome.debug.xcconfig"; path = "Pods/Target Support Files/Pods-HeadingHome/Pods-HeadingHome.debug.xcconfig"; sourceTree = "<group>"; };
		A87578A5915C7252521E8A73 /* Pods_HeadingHomeTests.framework */ = {isa = PBXFileReference; explicitFileType = wrapper.framework; includeInIndex = 0; path = Pods_HeadingHomeTests.framework; sourceTree = BUILT_PRODUCTS_DIR; };
		B81543FF8D5B9BA448FDC444 /* Pods-HeadingHome.release.xcconfig */ = {isa = PBXFileReference; includeInIndex = 1; lastKnownFileType = text.xcconfig; name = "Pods-HeadingHome.release.xcconfig"; path = "Pods/Target Support Files/Pods-HeadingHome/Pods-HeadingHome.release.xcconfig"; sourceTree = "<group>"; };
/* End PBXFileReference section */

/* Begin PBXFrameworksBuildPhase section */
		27A204931EF7F40F00BE4846 /* Frameworks */ = {
			isa = PBXFrameworksBuildPhase;
			buildActionMask = 2147483647;
			files = (
				CA9CED88FFADED39B6C7828C /* Pods_HeadingHome.framework in Frameworks */,
			);
			runOnlyForDeploymentPostprocessing = 0;
		};
		27A204A71EF7F40F00BE4846 /* Frameworks */ = {
			isa = PBXFrameworksBuildPhase;
			buildActionMask = 2147483647;
			files = (
				502424C70B6F2FAE5127F07C /* Pods_HeadingHomeTests.framework in Frameworks */,
			);
			runOnlyForDeploymentPostprocessing = 0;
		};
/* End PBXFrameworksBuildPhase section */

/* Begin PBXGroup section */
		27A2048D1EF7F40F00BE4846 = {
			isa = PBXGroup;
			children = (
				27A204981EF7F40F00BE4846 /* HeadingHome */,
				27A204AD1EF7F40F00BE4846 /* HeadingHomeTests */,
				27A204971EF7F40F00BE4846 /* Products */,
				82279462974FA1474E60D374 /* Pods */,
				6B3F5EFF0102E81DB15B374C /* Frameworks */,
			);
			sourceTree = "<group>";
		};
		27A204971EF7F40F00BE4846 /* Products */ = {
			isa = PBXGroup;
			children = (
				27A204961EF7F40F00BE4846 /* HeadingHome.app */,
				27A204AA1EF7F40F00BE4846 /* HeadingHomeTests.xctest */,
			);
			name = Products;
			sourceTree = "<group>";
		};
		27A204981EF7F40F00BE4846 /* HeadingHome */ = {
			isa = PBXGroup;
			children = (
				27AFC8701F13F1190069C1CA /* Location */,
				27AFC86B1F13AF570069C1CA /* Shared */,
				27AFC86A1F13AF490069C1CA /* Settings */,
				27A204CB1F017BCF00BE4846 /* Contact */,
				27A204BC1EF7FBFC00BE4846 /* MessageAction */,
				27A204991EF7F40F00BE4846 /* AppDelegate.swift */,
				27A2049D1EF7F40F00BE4846 /* Main.storyboard */,
				27A204A01EF7F40F00BE4846 /* Assets.xcassets */,
				27A204A21EF7F40F00BE4846 /* LaunchScreen.storyboard */,
				27A204A51EF7F40F00BE4846 /* Info.plist */,
				27A204B91EF7FB1C00BE4846 /* Model.xcdatamodeld */,
			);
			path = HeadingHome;
			sourceTree = "<group>";
		};
		27A204AD1EF7F40F00BE4846 /* HeadingHomeTests */ = {
			isa = PBXGroup;
			children = (
				27A204B01EF7F40F00BE4846 /* Info.plist */,
				27A204BF1EF7FD3700BE4846 /* MessageControllerUnitTests.swift */,
				27A204CC1F017E3D00BE4846 /* ContactServiceUnitTests.swift */,
			);
			path = HeadingHomeTests;
			sourceTree = "<group>";
		};
		27A204BC1EF7FBFC00BE4846 /* MessageAction */ = {
			isa = PBXGroup;
			children = (
				27A204BD1EF7FC1C00BE4846 /* MessageController.swift */,
				27A204C11EF8177400BE4846 /* MainMessageViewController.swift */,
				27A204C31EFD4A5A00BE4846 /* NewMessageViewController.swift */,
				27A204C51EFED6FA00BE4846 /* MessageDetailViewController.swift */,
			);
			name = MessageAction;
			sourceTree = "<group>";
		};
		27A204CB1F017BCF00BE4846 /* Contact */ = {
			isa = PBXGroup;
			children = (
				27A204C91F017BC800BE4846 /* ContactService.swift */,
			);
			name = Contact;
			sourceTree = "<group>";
		};
		27AFC86A1F13AF490069C1CA /* Settings */ = {
			isa = PBXGroup;
			children = (
				27A204C71F00432300BE4846 /* SettingsViewController.swift */,
			);
			name = Settings;
			sourceTree = "<group>";
		};
		27AFC86B1F13AF570069C1CA /* Shared */ = {
			isa = PBXGroup;
			children = (
				27AFC86C1F13C3F00069C1CA /* Helper.swift */,
				27AFC86E1F13C8970069C1CA /* AppDefaults.swift */,
			);
			name = Shared;
			sourceTree = "<group>";
		};
		27AFC8701F13F1190069C1CA /* Location */ = {
			isa = PBXGroup;
			children = (
				27AFC8711F13F12D0069C1CA /* LocationManager.swift */,
				27AFC8731F150DC80069C1CA /* AddressSearchViewController.swift */,
				27AFC8751F15226B0069C1CA /* SearchResultsTableViewController.swift */,
				27AFC8771F1556440069C1CA /* HandleMapSearch.swift */,
			);
			name = Location;
			sourceTree = "<group>";
		};
		6B3F5EFF0102E81DB15B374C /* Frameworks */ = {
			isa = PBXGroup;
			children = (
				0AEB45E9F81CB22F82FE53F4 /* Pods_HeadingHome.framework */,
				A87578A5915C7252521E8A73 /* Pods_HeadingHomeTests.framework */,
			);
			name = Frameworks;
			sourceTree = "<group>";
		};
		82279462974FA1474E60D374 /* Pods */ = {
			isa = PBXGroup;
			children = (
				99378523537C35C72F380454 /* Pods-HeadingHome.debug.xcconfig */,
				B81543FF8D5B9BA448FDC444 /* Pods-HeadingHome.release.xcconfig */,
				845893F8B50F4B454BA55C02 /* Pods-HeadingHomeTests.debug.xcconfig */,
				81D41780B04D3D6D01D4462F /* Pods-HeadingHomeTests.release.xcconfig */,
			);
			name = Pods;
			sourceTree = "<group>";
		};
/* End PBXGroup section */

/* Begin PBXNativeTarget section */
		27A204951EF7F40F00BE4846 /* HeadingHome */ = {
			isa = PBXNativeTarget;
			buildConfigurationList = 27A204B31EF7F40F00BE4846 /* Build configuration list for PBXNativeTarget "HeadingHome" */;
			buildPhases = (
				25E1FE5D549EAC86F9960BD0 /* [CP] Check Pods Manifest.lock */,
				27A204921EF7F40F00BE4846 /* Sources */,
				27A204931EF7F40F00BE4846 /* Frameworks */,
				27A204941EF7F40F00BE4846 /* Resources */,
				AD2867A150963D04D8FC8278 /* [CP] Embed Pods Frameworks */,
				38BDFB7761F38EBC27127AD6 /* [CP] Copy Pods Resources */,
			);
			buildRules = (
			);
			dependencies = (
			);
			name = HeadingHome;
			productName = HeadingHome;
			productReference = 27A204961EF7F40F00BE4846 /* HeadingHome.app */;
			productType = "com.apple.product-type.application";
		};
		27A204A91EF7F40F00BE4846 /* HeadingHomeTests */ = {
			isa = PBXNativeTarget;
			buildConfigurationList = 27A204B61EF7F40F00BE4846 /* Build configuration list for PBXNativeTarget "HeadingHomeTests" */;
			buildPhases = (
				48FA4DC1D6E4AC6B75E41E81 /* [CP] Check Pods Manifest.lock */,
				27A204A61EF7F40F00BE4846 /* Sources */,
				27A204A71EF7F40F00BE4846 /* Frameworks */,
				27A204A81EF7F40F00BE4846 /* Resources */,
				82C3ED2E109100583A5350EB /* [CP] Embed Pods Frameworks */,
				758A12E65B3B7A063ACE7BB6 /* [CP] Copy Pods Resources */,
			);
			buildRules = (
			);
			dependencies = (
				27A204AC1EF7F40F00BE4846 /* PBXTargetDependency */,
			);
			name = HeadingHomeTests;
			productName = HeadingHomeTests;
			productReference = 27A204AA1EF7F40F00BE4846 /* HeadingHomeTests.xctest */;
			productType = "com.apple.product-type.bundle.unit-test";
		};
/* End PBXNativeTarget section */

/* Begin PBXProject section */
		27A2048E1EF7F40F00BE4846 /* Project object */ = {
			isa = PBXProject;
			attributes = {
				LastSwiftUpdateCheck = 0830;
				LastUpgradeCheck = 0830;
				TargetAttributes = {
					27A204951EF7F40F00BE4846 = {
						CreatedOnToolsVersion = 8.3.3;
						DevelopmentTeam = 2QKP24Y3HJ;
						ProvisioningStyle = Automatic;
					};
					27A204A91EF7F40F00BE4846 = {
						CreatedOnToolsVersion = 8.3.3;
						DevelopmentTeam = 2QKP24Y3HJ;
						LastSwiftMigration = 0830;
						ProvisioningStyle = Automatic;
						TestTargetID = 27A204951EF7F40F00BE4846;
					};
				};
			};
			buildConfigurationList = 27A204911EF7F40F00BE4846 /* Build configuration list for PBXProject "HeadingHome" */;
			compatibilityVersion = "Xcode 3.2";
			developmentRegion = English;
			hasScannedForEncodings = 0;
			knownRegions = (
				en,
				Base,
			);
			mainGroup = 27A2048D1EF7F40F00BE4846;
			productRefGroup = 27A204971EF7F40F00BE4846 /* Products */;
			projectDirPath = "";
			projectRoot = "";
			targets = (
				27A204951EF7F40F00BE4846 /* HeadingHome */,
				27A204A91EF7F40F00BE4846 /* HeadingHomeTests */,
			);
		};
/* End PBXProject section */

/* Begin PBXResourcesBuildPhase section */
		27A204941EF7F40F00BE4846 /* Resources */ = {
			isa = PBXResourcesBuildPhase;
			buildActionMask = 2147483647;
			files = (
				27A204A41EF7F40F00BE4846 /* LaunchScreen.storyboard in Resources */,
				27A204A11EF7F40F00BE4846 /* Assets.xcassets in Resources */,
				27A2049F1EF7F40F00BE4846 /* Main.storyboard in Resources */,
			);
			runOnlyForDeploymentPostprocessing = 0;
		};
		27A204A81EF7F40F00BE4846 /* Resources */ = {
			isa = PBXResourcesBuildPhase;
			buildActionMask = 2147483647;
			files = (
			);
			runOnlyForDeploymentPostprocessing = 0;
		};
/* End PBXResourcesBuildPhase section */

/* Begin PBXShellScriptBuildPhase section */
		25E1FE5D549EAC86F9960BD0 /* [CP] Check Pods Manifest.lock */ = {
			isa = PBXShellScriptBuildPhase;
			buildActionMask = 2147483647;
			files = (
			);
			inputPaths = (
			);
			name = "[CP] Check Pods Manifest.lock";
			outputPaths = (
			);
			runOnlyForDeploymentPostprocessing = 0;
			shellPath = /bin/sh;
			shellScript = "diff \"${PODS_ROOT}/../Podfile.lock\" \"${PODS_ROOT}/Manifest.lock\" > /dev/null\nif [ $? != 0 ] ; then\n    # print error to STDERR\n    echo \"error: The sandbox is not in sync with the Podfile.lock. Run 'pod install' or update your CocoaPods installation.\" >&2\n    exit 1\nfi\n";
			showEnvVarsInLog = 0;
		};
		38BDFB7761F38EBC27127AD6 /* [CP] Copy Pods Resources */ = {
			isa = PBXShellScriptBuildPhase;
			buildActionMask = 2147483647;
			files = (
			);
			inputPaths = (
			);
			name = "[CP] Copy Pods Resources";
			outputPaths = (
			);
			runOnlyForDeploymentPostprocessing = 0;
			shellPath = /bin/sh;
			shellScript = "\"${SRCROOT}/Pods/Target Support Files/Pods-HeadingHome/Pods-HeadingHome-resources.sh\"\n";
			showEnvVarsInLog = 0;
		};
		48FA4DC1D6E4AC6B75E41E81 /* [CP] Check Pods Manifest.lock */ = {
			isa = PBXShellScriptBuildPhase;
			buildActionMask = 2147483647;
			files = (
			);
			inputPaths = (
			);
			name = "[CP] Check Pods Manifest.lock";
			outputPaths = (
			);
			runOnlyForDeploymentPostprocessing = 0;
			shellPath = /bin/sh;
			shellScript = "diff \"${PODS_ROOT}/../Podfile.lock\" \"${PODS_ROOT}/Manifest.lock\" > /dev/null\nif [ $? != 0 ] ; then\n    # print error to STDERR\n    echo \"error: The sandbox is not in sync with the Podfile.lock. Run 'pod install' or update your CocoaPods installation.\" >&2\n    exit 1\nfi\n";
			showEnvVarsInLog = 0;
		};
		758A12E65B3B7A063ACE7BB6 /* [CP] Copy Pods Resources */ = {
			isa = PBXShellScriptBuildPhase;
			buildActionMask = 2147483647;
			files = (
			);
			inputPaths = (
			);
			name = "[CP] Copy Pods Resources";
			outputPaths = (
			);
			runOnlyForDeploymentPostprocessing = 0;
			shellPath = /bin/sh;
			shellScript = "\"${SRCROOT}/Pods/Target Support Files/Pods-HeadingHomeTests/Pods-HeadingHomeTests-resources.sh\"\n";
			showEnvVarsInLog = 0;
		};
		82C3ED2E109100583A5350EB /* [CP] Embed Pods Frameworks */ = {
			isa = PBXShellScriptBuildPhase;
			buildActionMask = 2147483647;
			files = (
			);
			inputPaths = (
			);
			name = "[CP] Embed Pods Frameworks";
			outputPaths = (
			);
			runOnlyForDeploymentPostprocessing = 0;
			shellPath = /bin/sh;
			shellScript = "\"${SRCROOT}/Pods/Target Support Files/Pods-HeadingHomeTests/Pods-HeadingHomeTests-frameworks.sh\"\n";
			showEnvVarsInLog = 0;
		};
		AD2867A150963D04D8FC8278 /* [CP] Embed Pods Frameworks */ = {
			isa = PBXShellScriptBuildPhase;
			buildActionMask = 2147483647;
			files = (
			);
			inputPaths = (
			);
			name = "[CP] Embed Pods Frameworks";
			outputPaths = (
			);
			runOnlyForDeploymentPostprocessing = 0;
			shellPath = /bin/sh;
			shellScript = "\"${SRCROOT}/Pods/Target Support Files/Pods-HeadingHome/Pods-HeadingHome-frameworks.sh\"\n";
			showEnvVarsInLog = 0;
		};
/* End PBXShellScriptBuildPhase section */

/* Begin PBXSourcesBuildPhase section */
		27A204921EF7F40F00BE4846 /* Sources */ = {
			isa = PBXSourcesBuildPhase;
			buildActionMask = 2147483647;
			files = (
				27A2049A1EF7F40F00BE4846 /* AppDelegate.swift in Sources */,
				27AFC86F1F13C8970069C1CA /* AppDefaults.swift in Sources */,
				27A204BE1EF7FC1C00BE4846 /* MessageController.swift in Sources */,
				27A204C81F00432300BE4846 /* SettingsViewController.swift in Sources */,
				27A204C41EFD4A5A00BE4846 /* NewMessageViewController.swift in Sources */,
				27AFC8761F15226B0069C1CA /* SearchResultsTableViewController.swift in Sources */,
				27AFC8741F150DC80069C1CA /* AddressSearchViewController.swift in Sources */,
				27A204CA1F017BC800BE4846 /* ContactService.swift in Sources */,
				27A204BB1EF7FB1C00BE4846 /* Model.xcdatamodeld in Sources */,
				27AFC8781F1556440069C1CA /* HandleMapSearch.swift in Sources */,
				27A204C21EF8177400BE4846 /* MainMessageViewController.swift in Sources */,
				27AFC86D1F13C3F00069C1CA /* Helper.swift in Sources */,
				27AFC8721F13F12D0069C1CA /* LocationManager.swift in Sources */,
				27A204C61EFED6FA00BE4846 /* MessageDetailViewController.swift in Sources */,
			);
			runOnlyForDeploymentPostprocessing = 0;
		};
		27A204A61EF7F40F00BE4846 /* Sources */ = {
			isa = PBXSourcesBuildPhase;
			buildActionMask = 2147483647;
			files = (
				27A204CD1F017E3D00BE4846 /* ContactServiceUnitTests.swift in Sources */,
				27A204C01EF7FD3700BE4846 /* MessageControllerUnitTests.swift in Sources */,
			);
			runOnlyForDeploymentPostprocessing = 0;
		};
/* End PBXSourcesBuildPhase section */

/* Begin PBXTargetDependency section */
		27A204AC1EF7F40F00BE4846 /* PBXTargetDependency */ = {
			isa = PBXTargetDependency;
			target = 27A204951EF7F40F00BE4846 /* HeadingHome */;
			targetProxy = 27A204AB1EF7F40F00BE4846 /* PBXContainerItemProxy */;
		};
/* End PBXTargetDependency section */

/* Begin PBXVariantGroup section */
		27A2049D1EF7F40F00BE4846 /* Main.storyboard */ = {
			isa = PBXVariantGroup;
			children = (
				27A2049E1EF7F40F00BE4846 /* Base */,
			);
			name = Main.storyboard;
			sourceTree = "<group>";
		};
		27A204A21EF7F40F00BE4846 /* LaunchScreen.storyboard */ = {
			isa = PBXVariantGroup;
			children = (
				27A204A31EF7F40F00BE4846 /* Base */,
			);
			name = LaunchScreen.storyboard;
			sourceTree = "<group>";
		};
/* End PBXVariantGroup section */

/* Begin XCBuildConfiguration section */
		27A204B11EF7F40F00BE4846 /* Debug */ = {
			isa = XCBuildConfiguration;
			buildSettings = {
				ALWAYS_SEARCH_USER_PATHS = NO;
				CLANG_ANALYZER_NONNULL = YES;
				CLANG_ANALYZER_NUMBER_OBJECT_CONVERSION = YES_AGGRESSIVE;
				CLANG_CXX_LANGUAGE_STANDARD = "gnu++0x";
				CLANG_CXX_LIBRARY = "libc++";
				CLANG_ENABLE_MODULES = YES;
				CLANG_ENABLE_OBJC_ARC = YES;
				CLANG_WARN_BOOL_CONVERSION = YES;
				CLANG_WARN_CONSTANT_CONVERSION = YES;
				CLANG_WARN_DIRECT_OBJC_ISA_USAGE = YES_ERROR;
				CLANG_WARN_DOCUMENTATION_COMMENTS = YES;
				CLANG_WARN_EMPTY_BODY = YES;
				CLANG_WARN_ENUM_CONVERSION = YES;
				CLANG_WARN_INFINITE_RECURSION = YES;
				CLANG_WARN_INT_CONVERSION = YES;
				CLANG_WARN_OBJC_ROOT_CLASS = YES_ERROR;
				CLANG_WARN_SUSPICIOUS_MOVE = YES;
				CLANG_WARN_UNREACHABLE_CODE = YES;
				CLANG_WARN__DUPLICATE_METHOD_MATCH = YES;
				"CODE_SIGN_IDENTITY[sdk=iphoneos*]" = "iPhone Developer";
				COPY_PHASE_STRIP = NO;
				DEBUG_INFORMATION_FORMAT = dwarf;
				ENABLE_STRICT_OBJC_MSGSEND = YES;
				ENABLE_TESTABILITY = YES;
				GCC_C_LANGUAGE_STANDARD = gnu99;
				GCC_DYNAMIC_NO_PIC = NO;
				GCC_NO_COMMON_BLOCKS = YES;
				GCC_OPTIMIZATION_LEVEL = 0;
				GCC_PREPROCESSOR_DEFINITIONS = (
					"DEBUG=1",
					"$(inherited)",
				);
				GCC_WARN_64_TO_32_BIT_CONVERSION = YES;
				GCC_WARN_ABOUT_RETURN_TYPE = YES_ERROR;
				GCC_WARN_UNDECLARED_SELECTOR = YES;
				GCC_WARN_UNINITIALIZED_AUTOS = YES_AGGRESSIVE;
				GCC_WARN_UNUSED_FUNCTION = YES;
				GCC_WARN_UNUSED_VARIABLE = YES;
				IPHONEOS_DEPLOYMENT_TARGET = 10.3;
				MTL_ENABLE_DEBUG_INFO = YES;
				ONLY_ACTIVE_ARCH = YES;
				SDKROOT = iphoneos;
				SWIFT_ACTIVE_COMPILATION_CONDITIONS = DEBUG;
				SWIFT_OPTIMIZATION_LEVEL = "-Onone";
			};
			name = Debug;
		};
		27A204B21EF7F40F00BE4846 /* Release */ = {
			isa = XCBuildConfiguration;
			buildSettings = {
				ALWAYS_SEARCH_USER_PATHS = NO;
				CLANG_ANALYZER_NONNULL = YES;
				CLANG_ANALYZER_NUMBER_OBJECT_CONVERSION = YES_AGGRESSIVE;
				CLANG_CXX_LANGUAGE_STANDARD = "gnu++0x";
				CLANG_CXX_LIBRARY = "libc++";
				CLANG_ENABLE_MODULES = YES;
				CLANG_ENABLE_OBJC_ARC = YES;
				CLANG_WARN_BOOL_CONVERSION = YES;
				CLANG_WARN_CONSTANT_CONVERSION = YES;
				CLANG_WARN_DIRECT_OBJC_ISA_USAGE = YES_ERROR;
				CLANG_WARN_DOCUMENTATION_COMMENTS = YES;
				CLANG_WARN_EMPTY_BODY = YES;
				CLANG_WARN_ENUM_CONVERSION = YES;
				CLANG_WARN_INFINITE_RECURSION = YES;
				CLANG_WARN_INT_CONVERSION = YES;
				CLANG_WARN_OBJC_ROOT_CLASS = YES_ERROR;
				CLANG_WARN_SUSPICIOUS_MOVE = YES;
				CLANG_WARN_UNREACHABLE_CODE = YES;
				CLANG_WARN__DUPLICATE_METHOD_MATCH = YES;
				"CODE_SIGN_IDENTITY[sdk=iphoneos*]" = "iPhone Developer";
				COPY_PHASE_STRIP = NO;
				DEBUG_INFORMATION_FORMAT = "dwarf-with-dsym";
				ENABLE_NS_ASSERTIONS = NO;
				ENABLE_STRICT_OBJC_MSGSEND = YES;
				GCC_C_LANGUAGE_STANDARD = gnu99;
				GCC_NO_COMMON_BLOCKS = YES;
				GCC_WARN_64_TO_32_BIT_CONVERSION = YES;
				GCC_WARN_ABOUT_RETURN_TYPE = YES_ERROR;
				GCC_WARN_UNDECLARED_SELECTOR = YES;
				GCC_WARN_UNINITIALIZED_AUTOS = YES_AGGRESSIVE;
				GCC_WARN_UNUSED_FUNCTION = YES;
				GCC_WARN_UNUSED_VARIABLE = YES;
				IPHONEOS_DEPLOYMENT_TARGET = 10.3;
				MTL_ENABLE_DEBUG_INFO = NO;
				SDKROOT = iphoneos;
				SWIFT_OPTIMIZATION_LEVEL = "-Owholemodule";
				VALIDATE_PRODUCT = YES;
			};
			name = Release;
		};
		27A204B41EF7F40F00BE4846 /* Debug */ = {
			isa = XCBuildConfiguration;
			baseConfigurationReference = 99378523537C35C72F380454 /* Pods-HeadingHome.debug.xcconfig */;
			buildSettings = {
				ASSETCATALOG_COMPILER_APPICON_NAME = AppIcon;
				DEVELOPMENT_TEAM = 2QKP24Y3HJ;
				INFOPLIST_FILE = HeadingHome/Info.plist;
				LD_RUNPATH_SEARCH_PATHS = "$(inherited) @executable_path/Frameworks";
				PRODUCT_BUNDLE_IDENTIFIER = com.mn.HeadingHome;
				PRODUCT_NAME = "$(TARGET_NAME)";
				SWIFT_VERSION = 3.0;
			};
			name = Debug;
		};
		27A204B51EF7F40F00BE4846 /* Release */ = {
			isa = XCBuildConfiguration;
			baseConfigurationReference = B81543FF8D5B9BA448FDC444 /* Pods-HeadingHome.release.xcconfig */;
			buildSettings = {
				ASSETCATALOG_COMPILER_APPICON_NAME = AppIcon;
				DEVELOPMENT_TEAM = 2QKP24Y3HJ;
				INFOPLIST_FILE = HeadingHome/Info.plist;
				LD_RUNPATH_SEARCH_PATHS = "$(inherited) @executable_path/Frameworks";
				PRODUCT_BUNDLE_IDENTIFIER = com.mn.HeadingHome;
				PRODUCT_NAME = "$(TARGET_NAME)";
				SWIFT_VERSION = 3.0;
			};
			name = Release;
		};
		27A204B71EF7F40F00BE4846 /* Debug */ = {
			isa = XCBuildConfiguration;
			baseConfigurationReference = 845893F8B50F4B454BA55C02 /* Pods-HeadingHomeTests.debug.xcconfig */;
			buildSettings = {
				ALWAYS_EMBED_SWIFT_STANDARD_LIBRARIES = YES;
				BUNDLE_LOADER = "$(TEST_HOST)";
				CLANG_ENABLE_MODULES = YES;
				DEVELOPMENT_TEAM = 2QKP24Y3HJ;
				INFOPLIST_FILE = HeadingHomeTests/Info.plist;
				LD_RUNPATH_SEARCH_PATHS = "$(inherited) @executable_path/Frameworks @loader_path/Frameworks";
				PRODUCT_BUNDLE_IDENTIFIER = com.mn.HeadingHomeTests;
				PRODUCT_NAME = "$(TARGET_NAME)";
				SWIFT_OPTIMIZATION_LEVEL = "-Onone";
				SWIFT_VERSION = 3.0;
				TEST_HOST = "$(BUILT_PRODUCTS_DIR)/HeadingHome.app/HeadingHome";
			};
			name = Debug;
		};
		27A204B81EF7F40F00BE4846 /* Release */ = {
			isa = XCBuildConfiguration;
			baseConfigurationReference = 81D41780B04D3D6D01D4462F /* Pods-HeadingHomeTests.release.xcconfig */;
			buildSettings = {
				ALWAYS_EMBED_SWIFT_STANDARD_LIBRARIES = YES;
				BUNDLE_LOADER = "$(TEST_HOST)";
				CLANG_ENABLE_MODULES = YES;
				DEVELOPMENT_TEAM = 2QKP24Y3HJ;
				INFOPLIST_FILE = HeadingHomeTests/Info.plist;
				LD_RUNPATH_SEARCH_PATHS = "$(inherited) @executable_path/Frameworks @loader_path/Frameworks";
				PRODUCT_BUNDLE_IDENTIFIER = com.mn.HeadingHomeTests;
				PRODUCT_NAME = "$(TARGET_NAME)";
				SWIFT_VERSION = 3.0;
				TEST_HOST = "$(BUILT_PRODUCTS_DIR)/HeadingHome.app/HeadingHome";
			};
			name = Release;
		};
/* End XCBuildConfiguration section */

/* Begin XCConfigurationList section */
		27A204911EF7F40F00BE4846 /* Build configuration list for PBXProject "HeadingHome" */ = {
			isa = XCConfigurationList;
			buildConfigurations = (
				27A204B11EF7F40F00BE4846 /* Debug */,
				27A204B21EF7F40F00BE4846 /* Release */,
			);
			defaultConfigurationIsVisible = 0;
			defaultConfigurationName = Release;
		};
		27A204B31EF7F40F00BE4846 /* Build configuration list for PBXNativeTarget "HeadingHome" */ = {
			isa = XCConfigurationList;
			buildConfigurations = (
				27A204B41EF7F40F00BE4846 /* Debug */,
				27A204B51EF7F40F00BE4846 /* Release */,
			);
			defaultConfigurationIsVisible = 0;
			defaultConfigurationName = Release;
		};
		27A204B61EF7F40F00BE4846 /* Build configuration list for PBXNativeTarget "HeadingHomeTests" */ = {
			isa = XCConfigurationList;
			buildConfigurations = (
				27A204B71EF7F40F00BE4846 /* Debug */,
				27A204B81EF7F40F00BE4846 /* Release */,
			);
			defaultConfigurationIsVisible = 0;
			defaultConfigurationName = Release;
		};
/* End XCConfigurationList section */

/* Begin XCVersionGroup section */
		27A204B91EF7FB1C00BE4846 /* Model.xcdatamodeld */ = {
			isa = XCVersionGroup;
			children = (
				27A204BA1EF7FB1C00BE4846 /* Model.xcdatamodel */,
			);
			currentVersion = 27A204BA1EF7FB1C00BE4846 /* Model.xcdatamodel */;
			path = Model.xcdatamodeld;
			sourceTree = "<group>";
			versionGroupType = wrapper.xcdatamodel;
		};
/* End XCVersionGroup section */
	};
	rootObject = 27A2048E1EF7F40F00BE4846 /* Project object */;
}
